
Microsoft Visual Studio Solution File, Format Version 12.00
# Visual Studio 14
VisualStudioVersion = 14.0.23107.0
MinimumVisualStudioVersion = 10.0.40219.1
Project("{FAE04EC0-301F-11D3-BF4B-00C04F79EFBC}") = "View", "View\View.csproj", "{3E2074C9-A44C-4AEB-BDFA-77E59689117E}"
EndProject
Project("{FAE04EC0-301F-11D3-BF4B-00C04F79EFBC}") = "Model", "Model\Model.csproj", "{470F1873-8018-43BE-BA9E-6A9F16188473}"
EndProject
Project("{FAE04EC0-301F-11D3-BF4B-00C04F79EFBC}") = "Resources", "Resources\Resources.csproj", "{0F2FDA67-44EE-4E02-8D0E-B5D8751BF710}"
EndProject
Project("{FAE04EC0-301F-11D3-BF4B-00C04F79EFBC}") = "Network_Controller", "Network_Controller\Network_Controller.csproj", "{05422628-E258-43A5-B78F-CBE6D4FFAFF0}"
EndProject
Project("{FAE04EC0-301F-11D3-BF4B-00C04F79EFBC}") = "TestClient", "TestWindow\TestClient.csproj", "{B0BA0923-0330-4A5F-BA1C-0EDCDC0963C5}"
EndProject
Global
	GlobalSection(SolutionConfigurationPlatforms) = preSolution
		Debug|Any CPU = Debug|Any CPU
		Release|Any CPU = Release|Any CPU
	EndGlobalSection
	GlobalSection(ProjectConfigurationPlatforms) = postSolution
		{3E2074C9-A44C-4AEB-BDFA-77E59689117E}.Debug|Any CPU.ActiveCfg = Debug|Any CPU
		{3E2074C9-A44C-4AEB-BDFA-77E59689117E}.Debug|Any CPU.Build.0 = Debug|Any CPU
		{3E2074C9-A44C-4AEB-BDFA-77E59689117E}.Release|Any CPU.ActiveCfg = Release|Any CPU
		{3E2074C9-A44C-4AEB-BDFA-77E59689117E}.Release|Any CPU.Build.0 = Release|Any CPU
		{470F1873-8018-43BE-BA9E-6A9F16188473}.Debug|Any CPU.ActiveCfg = Debug|Any CPU
		{470F1873-8018-43BE-BA9E-6A9F16188473}.Debug|Any CPU.Build.0 = Debug|Any CPU
		{470F1873-8018-43BE-BA9E-6A9F16188473}.Release|Any CPU.ActiveCfg = Release|Any CPU
		{470F1873-8018-43BE-BA9E-6A9F16188473}.Release|Any CPU.Build.0 = Release|Any CPU
		{0F2FDA67-44EE-4E02-8D0E-B5D8751BF710}.Debug|Any CPU.ActiveCfg = Debug|Any CPU
		{0F2FDA67-44EE-4E02-8D0E-B5D8751BF710}.Debug|Any CPU.Build.0 = Debug|Any CPU
		{0F2FDA67-44EE-4E02-8D0E-B5D8751BF710}.Release|Any CPU.ActiveCfg = Release|Any CPU
		{0F2FDA67-44EE-4E02-8D0E-B5D8751BF710}.Release|Any CPU.Build.0 = Release|Any CPU
		{05422628-E258-43A5-B78F-CBE6D4FFAFF0}.Debug|Any CPU.ActiveCfg = Debug|Any CPU
		{05422628-E258-43A5-B78F-CBE6D4FFAFF0}.Debug|Any CPU.Build.0 = Debug|Any CPU
		{05422628-E258-43A5-B78F-CBE6D4FFAFF0}.Release|Any CPU.ActiveCfg = Release|Any CPU
		{05422628-E258-43A5-B78F-CBE6D4FFAFF0}.Release|Any CPU.Build.0 = Release|Any CPU
		{B0BA0923-0330-4A5F-BA1C-0EDCDC0963C5}.Debug|Any CPU.ActiveCfg = Debug|Any CPU
		{B0BA0923-0330-4A5F-BA1C-0EDCDC0963C5}.Debug|Any CPU.Build.0 = Debug|Any CPU
		{B0BA0923-0330-4A5F-BA1C-0EDCDC0963C5}.Release|Any CPU.ActiveCfg = Release|Any CPU
		{B0BA0923-0330-4A5F-BA1C-0EDCDC0963C5}.Release|Any CPU.Build.0 = Release|Any CPU
	EndGlobalSection
	GlobalSection(SolutionProperties) = preSolution
		HideSolutionNode = FALSE
	EndGlobalSection
EndGlobal
